// !$*UTF8*$!
{
	archiveVersion = 1;
	classes = {
	};
	objectVersion = 46;
	objects = {

/* Begin PBXBuildFile section */
		0848CDEF4CF69857C8045048 /* Pods_ChiTrain.framework in Frameworks */ = {isa = PBXBuildFile; fileRef = ABA39562A2B4BDFC2C8B157C /* Pods_ChiTrain.framework */; };
		30D87CFDB3070D2C62CD4383 /* Pods_ChiTrainTests.framework in Frameworks */ = {isa = PBXBuildFile; fileRef = 219231B2841A520754D90719 /* Pods_ChiTrainTests.framework */; };
		334E262401D98844DDBA1202 /* Pods_ChiTrainUITests.framework in Frameworks */ = {isa = PBXBuildFile; fileRef = 92D7379EC4C230E2601635B1 /* Pods_ChiTrainUITests.framework */; };
		9E096CC61E44517700F0F617 /* AppDelegate.swift in Sources */ = {isa = PBXBuildFile; fileRef = 9E096CC51E44517700F0F617 /* AppDelegate.swift */; };
		9E096CC81E44517700F0F617 /* LineViewController.swift in Sources */ = {isa = PBXBuildFile; fileRef = 9E096CC71E44517700F0F617 /* LineViewController.swift */; };
		9E096CCB1E44517700F0F617 /* Main.storyboard in Resources */ = {isa = PBXBuildFile; fileRef = 9E096CC91E44517700F0F617 /* Main.storyboard */; };
		9E096CCE1E44517700F0F617 /* ChiTrain.xcdatamodeld in Sources */ = {isa = PBXBuildFile; fileRef = 9E096CCC1E44517700F0F617 /* ChiTrain.xcdatamodeld */; };
		9E096CD01E44517700F0F617 /* Assets.xcassets in Resources */ = {isa = PBXBuildFile; fileRef = 9E096CCF1E44517700F0F617 /* Assets.xcassets */; };
		9E096CD31E44517700F0F617 /* LaunchScreen.storyboard in Resources */ = {isa = PBXBuildFile; fileRef = 9E096CD11E44517700F0F617 /* LaunchScreen.storyboard */; };
		9E096CDE1E44517700F0F617 /* ChiTrainTests.swift in Sources */ = {isa = PBXBuildFile; fileRef = 9E096CDD1E44517700F0F617 /* ChiTrainTests.swift */; };
		9E096CE91E44517700F0F617 /* ChiTrainUITests.swift in Sources */ = {isa = PBXBuildFile; fileRef = 9E096CE81E44517700F0F617 /* ChiTrainUITests.swift */; };
		9E72C8D21E4ECDE900B5A607 /* StopChoiceViewController.swift in Sources */ = {isa = PBXBuildFile; fileRef = 9E72C8D11E4ECDE900B5A607 /* StopChoiceViewController.swift */; };
		9E72C8D41E4EDB4D00B5A607 /* StopDictionaryViewController.swift in Sources */ = {isa = PBXBuildFile; fileRef = 9E72C8D31E4EDB4D00B5A607 /* StopDictionaryViewController.swift */; };
		9E72C8D61E4EE2BB00B5A607 /* PredictionViewController.swift in Sources */ = {isa = PBXBuildFile; fileRef = 9E72C8D51E4EE2BB00B5A607 /* PredictionViewController.swift */; };
		9EB5E88B1E779F4500CB7C44 /* SavedStopViewController.swift in Sources */ = {isa = PBXBuildFile; fileRef = 9EB5E88A1E779F4500CB7C44 /* SavedStopViewController.swift */; };
		9EB5E88D1E77A62400CB7C44 /* SavedStopCellClass.swift in Sources */ = {isa = PBXBuildFile; fileRef = 9EB5E88C1E77A62400CB7C44 /* SavedStopCellClass.swift */; };
		9EC2CFFD1E62B33F007EE70F /* ArrivalViewCell.swift in Sources */ = {isa = PBXBuildFile; fileRef = 9EC2CFFC1E62B33F007EE70F /* ArrivalViewCell.swift */; };
/* End PBXBuildFile section */

/* Begin PBXContainerItemProxy section */
		9E096CDA1E44517700F0F617 /* PBXContainerItemProxy */ = {
			isa = PBXContainerItemProxy;
			containerPortal = 9E096CBA1E44517600F0F617 /* Project object */;
			proxyType = 1;
			remoteGlobalIDString = 9E096CC11E44517600F0F617;
			remoteInfo = ChiTrain;
		};
		9E096CE51E44517700F0F617 /* PBXContainerItemProxy */ = {
			isa = PBXContainerItemProxy;
			containerPortal = 9E096CBA1E44517600F0F617 /* Project object */;
			proxyType = 1;
			remoteGlobalIDString = 9E096CC11E44517600F0F617;
			remoteInfo = ChiTrain;
		};
/* End PBXContainerItemProxy section */

/* Begin PBXFileReference section */
		219231B2841A520754D90719 /* Pods_ChiTrainTests.framework */ = {isa = PBXFileReference; explicitFileType = wrapper.framework; includeInIndex = 0; path = Pods_ChiTrainTests.framework; sourceTree = BUILT_PRODUCTS_DIR; };
		786C9EE7B1A1C2DE7C42E9CB /* Pods-ChiTrainUITests.release.xcconfig */ = {isa = PBXFileReference; includeInIndex = 1; lastKnownFileType = text.xcconfig; name = "Pods-ChiTrainUITests.release.xcconfig"; path = "Pods/Target Support Files/Pods-ChiTrainUITests/Pods-ChiTrainUITests.release.xcconfig"; sourceTree = "<group>"; };
		92D7379EC4C230E2601635B1 /* Pods_ChiTrainUITests.framework */ = {isa = PBXFileReference; explicitFileType = wrapper.framework; includeInIndex = 0; path = Pods_ChiTrainUITests.framework; sourceTree = BUILT_PRODUCTS_DIR; };
		9E096CC21E44517700F0F617 /* ChiTrain.app */ = {isa = PBXFileReference; explicitFileType = wrapper.application; includeInIndex = 0; path = ChiTrain.app; sourceTree = BUILT_PRODUCTS_DIR; };
		9E096CC51E44517700F0F617 /* AppDelegate.swift */ = {isa = PBXFileReference; lastKnownFileType = sourcecode.swift; path = AppDelegate.swift; sourceTree = "<group>"; };
		9E096CC71E44517700F0F617 /* LineViewController.swift */ = {isa = PBXFileReference; lastKnownFileType = sourcecode.swift; path = LineViewController.swift; sourceTree = "<group>"; };
		9E096CCA1E44517700F0F617 /* Base */ = {isa = PBXFileReference; lastKnownFileType = file.storyboard; name = Base; path = Base.lproj/Main.storyboard; sourceTree = "<group>"; };
		9E096CCD1E44517700F0F617 /* ChiTrain.xcdatamodel */ = {isa = PBXFileReference; lastKnownFileType = wrapper.xcdatamodel; path = ChiTrain.xcdatamodel; sourceTree = "<group>"; };
		9E096CCF1E44517700F0F617 /* Assets.xcassets */ = {isa = PBXFileReference; lastKnownFileType = folder.assetcatalog; path = Assets.xcassets; sourceTree = "<group>"; };
		9E096CD21E44517700F0F617 /* Base */ = {isa = PBXFileReference; lastKnownFileType = file.storyboard; name = Base; path = Base.lproj/LaunchScreen.storyboard; sourceTree = "<group>"; };
		9E096CD41E44517700F0F617 /* Info.plist */ = {isa = PBXFileReference; lastKnownFileType = text.plist.xml; path = Info.plist; sourceTree = "<group>"; };
		9E096CD91E44517700F0F617 /* ChiTrainTests.xctest */ = {isa = PBXFileReference; explicitFileType = wrapper.cfbundle; includeInIndex = 0; path = ChiTrainTests.xctest; sourceTree = BUILT_PRODUCTS_DIR; };
		9E096CDD1E44517700F0F617 /* ChiTrainTests.swift */ = {isa = PBXFileReference; lastKnownFileType = sourcecode.swift; path = ChiTrainTests.swift; sourceTree = "<group>"; };
		9E096CDF1E44517700F0F617 /* Info.plist */ = {isa = PBXFileReference; lastKnownFileType = text.plist.xml; path = Info.plist; sourceTree = "<group>"; };
		9E096CE41E44517700F0F617 /* ChiTrainUITests.xctest */ = {isa = PBXFileReference; explicitFileType = wrapper.cfbundle; includeInIndex = 0; path = ChiTrainUITests.xctest; sourceTree = BUILT_PRODUCTS_DIR; };
		9E096CE81E44517700F0F617 /* ChiTrainUITests.swift */ = {isa = PBXFileReference; lastKnownFileType = sourcecode.swift; path = ChiTrainUITests.swift; sourceTree = "<group>"; };
		9E096CEA1E44517700F0F617 /* Info.plist */ = {isa = PBXFileReference; lastKnownFileType = text.plist.xml; path = Info.plist; sourceTree = "<group>"; };
		9E72C8D11E4ECDE900B5A607 /* StopChoiceViewController.swift */ = {isa = PBXFileReference; fileEncoding = 4; lastKnownFileType = sourcecode.swift; path = StopChoiceViewController.swift; sourceTree = "<group>"; };
		9E72C8D31E4EDB4D00B5A607 /* StopDictionaryViewController.swift */ = {isa = PBXFileReference; fileEncoding = 4; lastKnownFileType = sourcecode.swift; path = StopDictionaryViewController.swift; sourceTree = "<group>"; };
		9E72C8D51E4EE2BB00B5A607 /* PredictionViewController.swift */ = {isa = PBXFileReference; fileEncoding = 4; lastKnownFileType = sourcecode.swift; path = PredictionViewController.swift; sourceTree = "<group>"; };
		9EB5E88A1E779F4500CB7C44 /* SavedStopViewController.swift */ = {isa = PBXFileReference; fileEncoding = 4; lastKnownFileType = sourcecode.swift; path = SavedStopViewController.swift; sourceTree = "<group>"; };
		9EB5E88C1E77A62400CB7C44 /* SavedStopCellClass.swift */ = {isa = PBXFileReference; fileEncoding = 4; lastKnownFileType = sourcecode.swift; path = SavedStopCellClass.swift; sourceTree = "<group>"; };
		9EC2CFFC1E62B33F007EE70F /* ArrivalViewCell.swift */ = {isa = PBXFileReference; fileEncoding = 4; lastKnownFileType = sourcecode.swift; path = ArrivalViewCell.swift; sourceTree = "<group>"; };
		ABA39562A2B4BDFC2C8B157C /* Pods_ChiTrain.framework */ = {isa = PBXFileReference; explicitFileType = wrapper.framework; includeInIndex = 0; path = Pods_ChiTrain.framework; sourceTree = BUILT_PRODUCTS_DIR; };
		AD3981601725E7A3DE2E4D33 /* Pods-ChiTrain.debug.xcconfig */ = {isa = PBXFileReference; includeInIndex = 1; lastKnownFileType = text.xcconfig; name = "Pods-ChiTrain.debug.xcconfig"; path = "Pods/Target Support Files/Pods-ChiTrain/Pods-ChiTrain.debug.xcconfig"; sourceTree = "<group>"; };
		E7F0B50CE100920A1DCCE6A6 /* Pods-ChiTrainUITests.debug.xcconfig */ = {isa = PBXFileReference; includeInIndex = 1; lastKnownFileType = text.xcconfig; name = "Pods-ChiTrainUITests.debug.xcconfig"; path = "Pods/Target Support Files/Pods-ChiTrainUITests/Pods-ChiTrainUITests.debug.xcconfig"; sourceTree = "<group>"; };
		E810993FE9CE7E47B8BA3E7D /* Pods-ChiTrainTests.debug.xcconfig */ = {isa = PBXFileReference; includeInIndex = 1; lastKnownFileType = text.xcconfig; name = "Pods-ChiTrainTests.debug.xcconfig"; path = "Pods/Target Support Files/Pods-ChiTrainTests/Pods-ChiTrainTests.debug.xcconfig"; sourceTree = "<group>"; };
		F81FB723B115072CD2480C6B /* Pods-ChiTrain.release.xcconfig */ = {isa = PBXFileReference; includeInIndex = 1; lastKnownFileType = text.xcconfig; name = "Pods-ChiTrain.release.xcconfig"; path = "Pods/Target Support Files/Pods-ChiTrain/Pods-ChiTrain.release.xcconfig"; sourceTree = "<group>"; };
		F9734F7045170143BBBCFB90 /* Pods-ChiTrainTests.release.xcconfig */ = {isa = PBXFileReference; includeInIndex = 1; lastKnownFileType = text.xcconfig; name = "Pods-ChiTrainTests.release.xcconfig"; path = "Pods/Target Support Files/Pods-ChiTrainTests/Pods-ChiTrainTests.release.xcconfig"; sourceTree = "<group>"; };
/* End PBXFileReference section */

/* Begin PBXFrameworksBuildPhase section */
		9E096CBF1E44517600F0F617 /* Frameworks */ = {
			isa = PBXFrameworksBuildPhase;
			buildActionMask = 2147483647;
			files = (
				0848CDEF4CF69857C8045048 /* Pods_ChiTrain.framework in Frameworks */,
			);
			runOnlyForDeploymentPostprocessing = 0;
		};
		9E096CD61E44517700F0F617 /* Frameworks */ = {
			isa = PBXFrameworksBuildPhase;
			buildActionMask = 2147483647;
			files = (
				30D87CFDB3070D2C62CD4383 /* Pods_ChiTrainTests.framework in Frameworks */,
			);
			runOnlyForDeploymentPostprocessing = 0;
		};
		9E096CE11E44517700F0F617 /* Frameworks */ = {
			isa = PBXFrameworksBuildPhase;
			buildActionMask = 2147483647;
			files = (
				334E262401D98844DDBA1202 /* Pods_ChiTrainUITests.framework in Frameworks */,
			);
			runOnlyForDeploymentPostprocessing = 0;
		};
/* End PBXFrameworksBuildPhase section */

/* Begin PBXGroup section */
		8198E774259B8FC687C2E6C1 /* Pods */ = {
			isa = PBXGroup;
			children = (
				AD3981601725E7A3DE2E4D33 /* Pods-ChiTrain.debug.xcconfig */,
				F81FB723B115072CD2480C6B /* Pods-ChiTrain.release.xcconfig */,
				E810993FE9CE7E47B8BA3E7D /* Pods-ChiTrainTests.debug.xcconfig */,
				F9734F7045170143BBBCFB90 /* Pods-ChiTrainTests.release.xcconfig */,
				E7F0B50CE100920A1DCCE6A6 /* Pods-ChiTrainUITests.debug.xcconfig */,
				786C9EE7B1A1C2DE7C42E9CB /* Pods-ChiTrainUITests.release.xcconfig */,
			);
			name = Pods;
			sourceTree = "<group>";
		};
		9E096CB91E44517600F0F617 = {
			isa = PBXGroup;
			children = (
				9E096CC41E44517700F0F617 /* ChiTrain */,
				9E096CDC1E44517700F0F617 /* ChiTrainTests */,
				9E096CE71E44517700F0F617 /* ChiTrainUITests */,
				9E096CC31E44517700F0F617 /* Products */,
				8198E774259B8FC687C2E6C1 /* Pods */,
				FB7D0355BC107C09752EE5CA /* Frameworks */,
			);
			sourceTree = "<group>";
		};
		9E096CC31E44517700F0F617 /* Products */ = {
			isa = PBXGroup;
			children = (
				9E096CC21E44517700F0F617 /* ChiTrain.app */,
				9E096CD91E44517700F0F617 /* ChiTrainTests.xctest */,
				9E096CE41E44517700F0F617 /* ChiTrainUITests.xctest */,
			);
			name = Products;
			sourceTree = "<group>";
		};
		9E096CC41E44517700F0F617 /* ChiTrain */ = {
			isa = PBXGroup;
			children = (
				9E096CC51E44517700F0F617 /* AppDelegate.swift */,
				9E096CC71E44517700F0F617 /* LineViewController.swift */,
				9E72C8D11E4ECDE900B5A607 /* StopChoiceViewController.swift */,
				9E72C8D51E4EE2BB00B5A607 /* PredictionViewController.swift */,
				9EB5E88A1E779F4500CB7C44 /* SavedStopViewController.swift */,
				9E096CC91E44517700F0F617 /* Main.storyboard */,
				9EC2CFFC1E62B33F007EE70F /* ArrivalViewCell.swift */,
				9EB5E88C1E77A62400CB7C44 /* SavedStopCellClass.swift */,
				9E72C8D31E4EDB4D00B5A607 /* StopDictionaryViewController.swift */,
				9E096CCF1E44517700F0F617 /* Assets.xcassets */,
				9E096CD11E44517700F0F617 /* LaunchScreen.storyboard */,
				9E096CD41E44517700F0F617 /* Info.plist */,
				9E096CCC1E44517700F0F617 /* ChiTrain.xcdatamodeld */,
			);
			path = ChiTrain;
			sourceTree = "<group>";
		};
		9E096CDC1E44517700F0F617 /* ChiTrainTests */ = {
			isa = PBXGroup;
			children = (
				9E096CDD1E44517700F0F617 /* ChiTrainTests.swift */,
				9E096CDF1E44517700F0F617 /* Info.plist */,
			);
			path = ChiTrainTests;
			sourceTree = "<group>";
		};
		9E096CE71E44517700F0F617 /* ChiTrainUITests */ = {
			isa = PBXGroup;
			children = (
				9E096CE81E44517700F0F617 /* ChiTrainUITests.swift */,
				9E096CEA1E44517700F0F617 /* Info.plist */,
			);
			path = ChiTrainUITests;
			sourceTree = "<group>";
		};
		FB7D0355BC107C09752EE5CA /* Frameworks */ = {
			isa = PBXGroup;
			children = (
				ABA39562A2B4BDFC2C8B157C /* Pods_ChiTrain.framework */,
				219231B2841A520754D90719 /* Pods_ChiTrainTests.framework */,
				92D7379EC4C230E2601635B1 /* Pods_ChiTrainUITests.framework */,
			);
			name = Frameworks;
			sourceTree = "<group>";
		};
/* End PBXGroup section */

/* Begin PBXNativeTarget section */
		9E096CC11E44517600F0F617 /* ChiTrain */ = {
			isa = PBXNativeTarget;
			buildConfigurationList = 9E096CED1E44517700F0F617 /* Build configuration list for PBXNativeTarget "ChiTrain" */;
			buildPhases = (
				A1B7DA1266AA1207E03B9733 /* [CP] Check Pods Manifest.lock */,
				9E096CBE1E44517600F0F617 /* Sources */,
				9E096CBF1E44517600F0F617 /* Frameworks */,
				9E096CC01E44517600F0F617 /* Resources */,
				AE6AFC6F8C5A433C354ADC51 /* [CP] Embed Pods Frameworks */,
				961B3DBFCC4D4A03A893184C /* [CP] Copy Pods Resources */,
			);
			buildRules = (
			);
			dependencies = (
			);
			name = ChiTrain;
			productName = ChiTrain;
			productReference = 9E096CC21E44517700F0F617 /* ChiTrain.app */;
			productType = "com.apple.product-type.application";
		};
		9E096CD81E44517700F0F617 /* ChiTrainTests */ = {
			isa = PBXNativeTarget;
			buildConfigurationList = 9E096CF01E44517700F0F617 /* Build configuration list for PBXNativeTarget "ChiTrainTests" */;
			buildPhases = (
				11C8C6DB5A0DB377D6961183 /* [CP] Check Pods Manifest.lock */,
				9E096CD51E44517700F0F617 /* Sources */,
				9E096CD61E44517700F0F617 /* Frameworks */,
				9E096CD71E44517700F0F617 /* Resources */,
				FA4A24728A4EEAE340DF868D /* [CP] Embed Pods Frameworks */,
				0D56E03A7D2B06A6672B2B48 /* [CP] Copy Pods Resources */,
			);
			buildRules = (
			);
			dependencies = (
				9E096CDB1E44517700F0F617 /* PBXTargetDependency */,
			);
			name = ChiTrainTests;
			productName = ChiTrainTests;
			productReference = 9E096CD91E44517700F0F617 /* ChiTrainTests.xctest */;
			productType = "com.apple.product-type.bundle.unit-test";
		};
		9E096CE31E44517700F0F617 /* ChiTrainUITests */ = {
			isa = PBXNativeTarget;
			buildConfigurationList = 9E096CF31E44517700F0F617 /* Build configuration list for PBXNativeTarget "ChiTrainUITests" */;
			buildPhases = (
				C64AA8A3FE2A70E46EF7625C /* [CP] Check Pods Manifest.lock */,
				9E096CE01E44517700F0F617 /* Sources */,
				9E096CE11E44517700F0F617 /* Frameworks */,
				9E096CE21E44517700F0F617 /* Resources */,
				3024C7F8D75BE1D83E090D70 /* [CP] Embed Pods Frameworks */,
				418B371457F1133C7F0F1C38 /* [CP] Copy Pods Resources */,
			);
			buildRules = (
			);
			dependencies = (
				9E096CE61E44517700F0F617 /* PBXTargetDependency */,
			);
			name = ChiTrainUITests;
			productName = ChiTrainUITests;
			productReference = 9E096CE41E44517700F0F617 /* ChiTrainUITests.xctest */;
			productType = "com.apple.product-type.bundle.ui-testing";
		};
/* End PBXNativeTarget section */

/* Begin PBXProject section */
		9E096CBA1E44517600F0F617 /* Project object */ = {
			isa = PBXProject;
			attributes = {
				LastSwiftUpdateCheck = 0820;
				LastUpgradeCheck = 0820;
				ORGANIZATIONNAME = "dev G Development";
				TargetAttributes = {
					9E096CC11E44517600F0F617 = {
						CreatedOnToolsVersion = 8.2.1;
						DevelopmentTeam = GFZ65FH5YW;
						ProvisioningStyle = Automatic;
					};
					9E096CD81E44517700F0F617 = {
						CreatedOnToolsVersion = 8.2.1;
						DevelopmentTeam = GFZ65FH5YW;
						ProvisioningStyle = Automatic;
						TestTargetID = 9E096CC11E44517600F0F617;
					};
					9E096CE31E44517700F0F617 = {
						CreatedOnToolsVersion = 8.2.1;
						DevelopmentTeam = GFZ65FH5YW;
						ProvisioningStyle = Automatic;
						TestTargetID = 9E096CC11E44517600F0F617;
					};
				};
			};
			buildConfigurationList = 9E096CBD1E44517600F0F617 /* Build configuration list for PBXProject "ChiTrain" */;
			compatibilityVersion = "Xcode 3.2";
			developmentRegion = English;
			hasScannedForEncodings = 0;
			knownRegions = (
				en,
				Base,
			);
			mainGroup = 9E096CB91E44517600F0F617;
			productRefGroup = 9E096CC31E44517700F0F617 /* Products */;
			projectDirPath = "";
			projectRoot = "";
			targets = (
				9E096CC11E44517600F0F617 /* ChiTrain */,
				9E096CD81E44517700F0F617 /* ChiTrainTests */,
				9E096CE31E44517700F0F617 /* ChiTrainUITests */,
			);
		};
/* End PBXProject section */

/* Begin PBXResourcesBuildPhase section */
		9E096CC01E44517600F0F617 /* Resources */ = {
			isa = PBXResourcesBuildPhase;
			buildActionMask = 2147483647;
			files = (
				9E096CD31E44517700F0F617 /* LaunchScreen.storyboard in Resources */,
				9E096CD01E44517700F0F617 /* Assets.xcassets in Resources */,
				9E096CCB1E44517700F0F617 /* Main.storyboard in Resources */,
			);
			runOnlyForDeploymentPostprocessing = 0;
		};
		9E096CD71E44517700F0F617 /* Resources */ = {
			isa = PBXResourcesBuildPhase;
			buildActionMask = 2147483647;
			files = (
			);
			runOnlyForDeploymentPostprocessing = 0;
		};
		9E096CE21E44517700F0F617 /* Resources */ = {
			isa = PBXResourcesBuildPhase;
			buildActionMask = 2147483647;
			files = (
			);
			runOnlyForDeploymentPostprocessing = 0;
		};
/* End PBXResourcesBuildPhase section */

/* Begin PBXShellScriptBuildPhase section */
		0D56E03A7D2B06A6672B2B48 /* [CP] Copy Pods Resources */ = {
			isa = PBXShellScriptBuildPhase;
			buildActionMask = 2147483647;
			files = (
			);
			inputPaths = (
			);
			name = "[CP] Copy Pods Resources";
			outputPaths = (
			);
			runOnlyForDeploymentPostprocessing = 0;
			shellPath = /bin/sh;
			shellScript = "\"${SRCROOT}/Pods/Target Support Files/Pods-ChiTrainTests/Pods-ChiTrainTests-resources.sh\"\n";
			showEnvVarsInLog = 0;
		};
		11C8C6DB5A0DB377D6961183 /* [CP] Check Pods Manifest.lock */ = {
			isa = PBXShellScriptBuildPhase;
			buildActionMask = 2147483647;
			files = (
			);
			inputPaths = (
			);
			name = "[CP] Check Pods Manifest.lock";
			outputPaths = (
			);
			runOnlyForDeploymentPostprocessing = 0;
			shellPath = /bin/sh;
			shellScript = "diff \"${PODS_ROOT}/../Podfile.lock\" \"${PODS_ROOT}/Manifest.lock\" > /dev/null\nif [ $? != 0 ] ; then\n    # print error to STDERR\n    echo \"error: The sandbox is not in sync with the Podfile.lock. Run 'pod install' or update your CocoaPods installation.\" >&2\n    exit 1\nfi\n";
			showEnvVarsInLog = 0;
		};
		3024C7F8D75BE1D83E090D70 /* [CP] Embed Pods Frameworks */ = {
			isa = PBXShellScriptBuildPhase;
			buildActionMask = 2147483647;
			files = (
			);
			inputPaths = (
			);
			name = "[CP] Embed Pods Frameworks";
			outputPaths = (
			);
			runOnlyForDeploymentPostprocessing = 0;
			shellPath = /bin/sh;
			shellScript = "\"${SRCROOT}/Pods/Target Support Files/Pods-ChiTrainUITests/Pods-ChiTrainUITests-frameworks.sh\"\n";
			showEnvVarsInLog = 0;
		};
		418B371457F1133C7F0F1C38 /* [CP] Copy Pods Resources */ = {
			isa = PBXShellScriptBuildPhase;
			buildActionMask = 2147483647;
			files = (
			);
			inputPaths = (
			);
			name = "[CP] Copy Pods Resources";
			outputPaths = (
			);
			runOnlyForDeploymentPostprocessing = 0;
			shellPath = /bin/sh;
			shellScript = "\"${SRCROOT}/Pods/Target Support Files/Pods-ChiTrainUITests/Pods-ChiTrainUITests-resources.sh\"\n";
			showEnvVarsInLog = 0;
		};
		961B3DBFCC4D4A03A893184C /* [CP] Copy Pods Resources */ = {
			isa = PBXShellScriptBuildPhase;
			buildActionMask = 2147483647;
			files = (
			);
			inputPaths = (
			);
			name = "[CP] Copy Pods Resources";
			outputPaths = (
			);
			runOnlyForDeploymentPostprocessing = 0;
			shellPath = /bin/sh;
			shellScript = "\"${SRCROOT}/Pods/Target Support Files/Pods-ChiTrain/Pods-ChiTrain-resources.sh\"\n";
			showEnvVarsInLog = 0;
		};
		A1B7DA1266AA1207E03B9733 /* [CP] Check Pods Manifest.lock */ = {
			isa = PBXShellScriptBuildPhase;
			buildActionMask = 2147483647;
			files = (
			);
			inputPaths = (
			);
			name = "[CP] Check Pods Manifest.lock";
			outputPaths = (
			);
			runOnlyForDeploymentPostprocessing = 0;
			shellPath = /bin/sh;
			shellScript = "diff \"${PODS_ROOT}/../Podfile.lock\" \"${PODS_ROOT}/Manifest.lock\" > /dev/null\nif [ $? != 0 ] ; then\n    # print error to STDERR\n    echo \"error: The sandbox is not in sync with the Podfile.lock. Run 'pod install' or update your CocoaPods installation.\" >&2\n    exit 1\nfi\n";
			showEnvVarsInLog = 0;
		};
		AE6AFC6F8C5A433C354ADC51 /* [CP] Embed Pods Frameworks */ = {
			isa = PBXShellScriptBuildPhase;
			buildActionMask = 2147483647;
			files = (
			);
			inputPaths = (
			);
			name = "[CP] Embed Pods Frameworks";
			outputPaths = (
			);
			runOnlyForDeploymentPostprocessing = 0;
			shellPath = /bin/sh;
			shellScript = "\"${SRCROOT}/Pods/Target Support Files/Pods-ChiTrain/Pods-ChiTrain-frameworks.sh\"\n";
			showEnvVarsInLog = 0;
		};
		C64AA8A3FE2A70E46EF7625C /* [CP] Check Pods Manifest.lock */ = {
			isa = PBXShellScriptBuildPhase;
			buildActionMask = 2147483647;
			files = (
			);
			inputPaths = (
			);
			name = "[CP] Check Pods Manifest.lock";
			outputPaths = (
			);
			runOnlyForDeploymentPostprocessing = 0;
			shellPath = /bin/sh;
			shellScript = "diff \"${PODS_ROOT}/../Podfile.lock\" \"${PODS_ROOT}/Manifest.lock\" > /dev/null\nif [ $? != 0 ] ; then\n    # print error to STDERR\n    echo \"error: The sandbox is not in sync with the Podfile.lock. Run 'pod install' or update your CocoaPods installation.\" >&2\n    exit 1\nfi\n";
			showEnvVarsInLog = 0;
		};
		FA4A24728A4EEAE340DF868D /* [CP] Embed Pods Frameworks */ = {
			isa = PBXShellScriptBuildPhase;
			buildActionMask = 2147483647;
			files = (
			);
			inputPaths = (
			);
			name = "[CP] Embed Pods Frameworks";
			outputPaths = (
			);
			runOnlyForDeploymentPostprocessing = 0;
			shellPath = /bin/sh;
			shellScript = "\"${SRCROOT}/Pods/Target Support Files/Pods-ChiTrainTests/Pods-ChiTrainTests-frameworks.sh\"\n";
			showEnvVarsInLog = 0;
		};
/* End PBXShellScriptBuildPhase section */

/* Begin PBXSourcesBuildPhase section */
		9E096CBE1E44517600F0F617 /* Sources */ = {
			isa = PBXSourcesBuildPhase;
			buildActionMask = 2147483647;
			files = (
				9EB5E88B1E779F4500CB7C44 /* SavedStopViewController.swift in Sources */,
				9E72C8D21E4ECDE900B5A607 /* StopChoiceViewController.swift in Sources */,
				9E72C8D41E4EDB4D00B5A607 /* StopDictionaryViewController.swift in Sources */,
				9E096CC81E44517700F0F617 /* LineViewController.swift in Sources */,
				9E72C8D61E4EE2BB00B5A607 /* PredictionViewController.swift in Sources */,
				9E096CC61E44517700F0F617 /* AppDelegate.swift in Sources */,
				9EC2CFFD1E62B33F007EE70F /* ArrivalViewCell.swift in Sources */,
				9E096CCE1E44517700F0F617 /* ChiTrain.xcdatamodeld in Sources */,
				9EB5E88D1E77A62400CB7C44 /* SavedStopCellClass.swift in Sources */,
			);
			runOnlyForDeploymentPostprocessing = 0;
		};
		9E096CD51E44517700F0F617 /* Sources */ = {
			isa = PBXSourcesBuildPhase;
			buildActionMask = 2147483647;
			files = (
				9E096CDE1E44517700F0F617 /* ChiTrainTests.swift in Sources */,
			);
			runOnlyForDeploymentPostprocessing = 0;
		};
		9E096CE01E44517700F0F617 /* Sources */ = {
			isa = PBXSourcesBuildPhase;
			buildActionMask = 2147483647;
			files = (
				9E096CE91E44517700F0F617 /* ChiTrainUITests.swift in Sources */,
			);
			runOnlyForDeploymentPostprocessing = 0;
		};
/* End PBXSourcesBuildPhase section */

/* Begin PBXTargetDependency section */
		9E096CDB1E44517700F0F617 /* PBXTargetDependency */ = {
			isa = PBXTargetDependency;
			target = 9E096CC11E44517600F0F617 /* ChiTrain */;
			targetProxy = 9E096CDA1E44517700F0F617 /* PBXContainerItemProxy */;
		};
		9E096CE61E44517700F0F617 /* PBXTargetDependency */ = {
			isa = PBXTargetDependency;
			target = 9E096CC11E44517600F0F617 /* ChiTrain */;
			targetProxy = 9E096CE51E44517700F0F617 /* PBXContainerItemProxy */;
		};
/* End PBXTargetDependency section */

/* Begin PBXVariantGroup section */
		9E096CC91E44517700F0F617 /* Main.storyboard */ = {
			isa = PBXVariantGroup;
			children = (
				9E096CCA1E44517700F0F617 /* Base */,
			);
			name = Main.storyboard;
			sourceTree = "<group>";
		};
		9E096CD11E44517700F0F617 /* LaunchScreen.storyboard */ = {
			isa = PBXVariantGroup;
			children = (
				9E096CD21E44517700F0F617 /* Base */,
			);
			name = LaunchScreen.storyboard;
			sourceTree = "<group>";
		};
/* End PBXVariantGroup section */

/* Begin XCBuildConfiguration section */
		9E096CEB1E44517700F0F617 /* Debug */ = {
			isa = XCBuildConfiguration;
			buildSettings = {
				ALWAYS_SEARCH_USER_PATHS = NO;
				CLANG_ANALYZER_NONNULL = YES;
				CLANG_CXX_LANGUAGE_STANDARD = "gnu++0x";
				CLANG_CXX_LIBRARY = "libc++";
				CLANG_ENABLE_MODULES = YES;
				CLANG_ENABLE_OBJC_ARC = YES;
				CLANG_WARN_BOOL_CONVERSION = YES;
				CLANG_WARN_CONSTANT_CONVERSION = YES;
				CLANG_WARN_DIRECT_OBJC_ISA_USAGE = YES_ERROR;
				CLANG_WARN_DOCUMENTATION_COMMENTS = YES;
				CLANG_WARN_EMPTY_BODY = YES;
				CLANG_WARN_ENUM_CONVERSION = YES;
				CLANG_WARN_INFINITE_RECURSION = YES;
				CLANG_WARN_INT_CONVERSION = YES;
				CLANG_WARN_OBJC_ROOT_CLASS = YES_ERROR;
				CLANG_WARN_SUSPICIOUS_MOVE = YES;
				CLANG_WARN_UNREACHABLE_CODE = YES;
				CLANG_WARN__DUPLICATE_METHOD_MATCH = YES;
				"CODE_SIGN_IDENTITY[sdk=iphoneos*]" = "iPhone Developer";
				COPY_PHASE_STRIP = NO;
				DEBUG_INFORMATION_FORMAT = dwarf;
				ENABLE_STRICT_OBJC_MSGSEND = YES;
				ENABLE_TESTABILITY = YES;
				GCC_C_LANGUAGE_STANDARD = gnu99;
				GCC_DYNAMIC_NO_PIC = NO;
				GCC_NO_COMMON_BLOCKS = YES;
				GCC_OPTIMIZATION_LEVEL = 0;
				GCC_PREPROCESSOR_DEFINITIONS = (
					"DEBUG=1",
					"$(inherited)",
				);
				GCC_WARN_64_TO_32_BIT_CONVERSION = YES;
				GCC_WARN_ABOUT_RETURN_TYPE = YES_ERROR;
				GCC_WARN_UNDECLARED_SELECTOR = YES;
				GCC_WARN_UNINITIALIZED_AUTOS = YES_AGGRESSIVE;
				GCC_WARN_UNUSED_FUNCTION = YES;
				GCC_WARN_UNUSED_VARIABLE = YES;
				IPHONEOS_DEPLOYMENT_TARGET = 10.2;
				MTL_ENABLE_DEBUG_INFO = YES;
				ONLY_ACTIVE_ARCH = YES;
				SDKROOT = iphoneos;
				SWIFT_ACTIVE_COMPILATION_CONDITIONS = DEBUG;
				SWIFT_OPTIMIZATION_LEVEL = "-Onone";
				TARGETED_DEVICE_FAMILY = "1,2";
			};
			name = Debug;
		};
		9E096CEC1E44517700F0F617 /* Release */ = {
			isa = XCBuildConfiguration;
			buildSettings = {
				ALWAYS_SEARCH_USER_PATHS = NO;
				CLANG_ANALYZER_NONNULL = YES;
				CLANG_CXX_LANGUAGE_STANDARD = "gnu++0x";
				CLANG_CXX_LIBRARY = "libc++";
				CLANG_ENABLE_MODULES = YES;
				CLANG_ENABLE_OBJC_ARC = YES;
				CLANG_WARN_BOOL_CONVERSION = YES;
				CLANG_WARN_CONSTANT_CONVERSION = YES;
				CLANG_WARN_DIRECT_OBJC_ISA_USAGE = YES_ERROR;
				CLANG_WARN_DOCUMENTATION_COMMENTS = YES;
				CLANG_WARN_EMPTY_BODY = YES;
				CLANG_WARN_ENUM_CONVERSION = YES;
				CLANG_WARN_INFINITE_RECURSION = YES;
				CLANG_WARN_INT_CONVERSION = YES;
				CLANG_WARN_OBJC_ROOT_CLASS = YES_ERROR;
				CLANG_WARN_SUSPICIOUS_MOVE = YES;
				CLANG_WARN_UNREACHABLE_CODE = YES;
				CLANG_WARN__DUPLICATE_METHOD_MATCH = YES;
				"CODE_SIGN_IDENTITY[sdk=iphoneos*]" = "iPhone Developer";
				COPY_PHASE_STRIP = NO;
				DEBUG_INFORMATION_FORMAT = "dwarf-with-dsym";
				ENABLE_NS_ASSERTIONS = NO;
				ENABLE_STRICT_OBJC_MSGSEND = YES;
				GCC_C_LANGUAGE_STANDARD = gnu99;
				GCC_NO_COMMON_BLOCKS = YES;
				GCC_WARN_64_TO_32_BIT_CONVERSION = YES;
				GCC_WARN_ABOUT_RETURN_TYPE = YES_ERROR;
				GCC_WARN_UNDECLARED_SELECTOR = YES;
				GCC_WARN_UNINITIALIZED_AUTOS = YES_AGGRESSIVE;
				GCC_WARN_UNUSED_FUNCTION = YES;
				GCC_WARN_UNUSED_VARIABLE = YES;
				IPHONEOS_DEPLOYMENT_TARGET = 10.2;
				MTL_ENABLE_DEBUG_INFO = NO;
				SDKROOT = iphoneos;
				SWIFT_OPTIMIZATION_LEVEL = "-Owholemodule";
				TARGETED_DEVICE_FAMILY = "1,2";
				VALIDATE_PRODUCT = YES;
			};
			name = Release;
		};
		9E096CEE1E44517700F0F617 /* Debug */ = {
			isa = XCBuildConfiguration;
			baseConfigurationReference = AD3981601725E7A3DE2E4D33 /* Pods-ChiTrain.debug.xcconfig */;
			buildSettings = {
				ASSETCATALOG_COMPILER_APPICON_NAME = AppIcon;
				DEVELOPMENT_TEAM = GFZ65FH5YW;
				ENABLE_BITCODE = NO;
				INFOPLIST_FILE = ChiTrain/Info.plist;
				IPHONEOS_DEPLOYMENT_TARGET = 10.1;
				LD_RUNPATH_SEARCH_PATHS = "$(inherited) @executable_path/Frameworks";
				PRODUCT_BUNDLE_IDENTIFIER = com.AMdevG.ChiTrain;
				PRODUCT_NAME = "$(TARGET_NAME)";
				SWIFT_VERSION = 3.0;
			};
			name = Debug;
		};
		9E096CEF1E44517700F0F617 /* Release */ = {
			isa = XCBuildConfiguration;
			baseConfigurationReference = F81FB723B115072CD2480C6B /* Pods-ChiTrain.release.xcconfig */;
			buildSettings = {
				ASSETCATALOG_COMPILER_APPICON_NAME = AppIcon;
				DEVELOPMENT_TEAM = GFZ65FH5YW;
				ENABLE_BITCODE = NO;
				INFOPLIST_FILE = ChiTrain/Info.plist;
				IPHONEOS_DEPLOYMENT_TARGET = 10.1;
				LD_RUNPATH_SEARCH_PATHS = "$(inherited) @executable_path/Frameworks";
				PRODUCT_BUNDLE_IDENTIFIER = com.AMdevG.ChiTrain;
				PRODUCT_NAME = "$(TARGET_NAME)";
				SWIFT_VERSION = 3.0;
			};
			name = Release;
		};
		9E096CF11E44517700F0F617 /* Debug */ = {
			isa = XCBuildConfiguration;
			baseConfigurationReference = E810993FE9CE7E47B8BA3E7D /* Pods-ChiTrainTests.debug.xcconfig */;
			buildSettings = {
				ALWAYS_EMBED_SWIFT_STANDARD_LIBRARIES = YES;
				BUNDLE_LOADER = "$(TEST_HOST)";
				DEVELOPMENT_TEAM = GFZ65FH5YW;
				INFOPLIST_FILE = ChiTrainTests/Info.plist;
				LD_RUNPATH_SEARCH_PATHS = "$(inherited) @executable_path/Frameworks @loader_path/Frameworks";
				PRODUCT_BUNDLE_IDENTIFIER = com.AMdevG.ChiTrainTests;
				PRODUCT_NAME = "$(TARGET_NAME)";
				SWIFT_VERSION = 3.0;
				TEST_HOST = "$(BUILT_PRODUCTS_DIR)/ChiTrain.app/ChiTrain";
			};
			name = Debug;
		};
		9E096CF21E44517700F0F617 /* Release */ = {
			isa = XCBuildConfiguration;
			baseConfigurationReference = F9734F7045170143BBBCFB90 /* Pods-ChiTrainTests.release.xcconfig */;
			buildSettings = {
				ALWAYS_EMBED_SWIFT_STANDARD_LIBRARIES = YES;
				BUNDLE_LOADER = "$(TEST_HOST)";
				DEVELOPMENT_TEAM = GFZ65FH5YW;
				INFOPLIST_FILE = ChiTrainTests/Info.plist;
				LD_RUNPATH_SEARCH_PATHS = "$(inherited) @executable_path/Frameworks @loader_path/Frameworks";
				PRODUCT_BUNDLE_IDENTIFIER = com.AMdevG.ChiTrainTests;
				PRODUCT_NAME = "$(TARGET_NAME)";
				SWIFT_VERSION = 3.0;
				TEST_HOST = "$(BUILT_PRODUCTS_DIR)/ChiTrain.app/ChiTrain";
			};
			name = Release;
		};
		9E096CF41E44517700F0F617 /* Debug */ = {
			isa = XCBuildConfiguration;
			baseConfigurationReference = E7F0B50CE100920A1DCCE6A6 /* Pods-ChiTrainUITests.debug.xcconfig */;
			buildSettings = {
				ALWAYS_EMBED_SWIFT_STANDARD_LIBRARIES = YES;
				DEVELOPMENT_TEAM = GFZ65FH5YW;
				INFOPLIST_FILE = ChiTrainUITests/Info.plist;
				LD_RUNPATH_SEARCH_PATHS = "$(inherited) @executable_path/Frameworks @loader_path/Frameworks";
				PRODUCT_BUNDLE_IDENTIFIER = com.AMdevG.ChiTrainUITests;
				PRODUCT_NAME = "$(TARGET_NAME)";
				SWIFT_VERSION = 3.0;
				TEST_TARGET_NAME = ChiTrain;
			};
			name = Debug;
		};
		9E096CF51E44517700F0F617 /* Release */ = {
			isa = XCBuildConfiguration;
			baseConfigurationReference = 786C9EE7B1A1C2DE7C42E9CB /* Pods-ChiTrainUITests.release.xcconfig */;
			buildSettings = {
				ALWAYS_EMBED_SWIFT_STANDARD_LIBRARIES = YES;
				DEVELOPMENT_TEAM = GFZ65FH5YW;
				INFOPLIST_FILE = ChiTrainUITests/Info.plist;
				LD_RUNPATH_SEARCH_PATHS = "$(inherited) @executable_path/Frameworks @loader_path/Frameworks";
				PRODUCT_BUNDLE_IDENTIFIER = com.AMdevG.ChiTrainUITests;
				PRODUCT_NAME = "$(TARGET_NAME)";
				SWIFT_VERSION = 3.0;
				TEST_TARGET_NAME = ChiTrain;
			};
			name = Release;
		};
/* End XCBuildConfiguration section */

/* Begin XCConfigurationList section */
		9E096CBD1E44517600F0F617 /* Build configuration list for PBXProject "ChiTrain" */ = {
			isa = XCConfigurationList;
			buildConfigurations = (
				9E096CEB1E44517700F0F617 /* Debug */,
				9E096CEC1E44517700F0F617 /* Release */,
			);
			defaultConfigurationIsVisible = 0;
			defaultConfigurationName = Release;
		};
		9E096CED1E44517700F0F617 /* Build configuration list for PBXNativeTarget "ChiTrain" */ = {
			isa = XCConfigurationList;
			buildConfigurations = (
				9E096CEE1E44517700F0F617 /* Debug */,
				9E096CEF1E44517700F0F617 /* Release */,
			);
			defaultConfigurationIsVisible = 0;
			defaultConfigurationName = Release;
		};
		9E096CF01E44517700F0F617 /* Build configuration list for PBXNativeTarget "ChiTrainTests" */ = {
			isa = XCConfigurationList;
			buildConfigurations = (
				9E096CF11E44517700F0F617 /* Debug */,
				9E096CF21E44517700F0F617 /* Release */,
			);
			defaultConfigurationIsVisible = 0;
			defaultConfigurationName = Release;
		};
		9E096CF31E44517700F0F617 /* Build configuration list for PBXNativeTarget "ChiTrainUITests" */ = {
			isa = XCConfigurationList;
			buildConfigurations = (
				9E096CF41E44517700F0F617 /* Debug */,
				9E096CF51E44517700F0F617 /* Release */,
			);
			defaultConfigurationIsVisible = 0;
			defaultConfigurationName = Release;
		};
/* End XCConfigurationList section */

/* Begin XCVersionGroup section */
		9E096CCC1E44517700F0F617 /* ChiTrain.xcdatamodeld */ = {
			isa = XCVersionGroup;
			children = (
				9E096CCD1E44517700F0F617 /* ChiTrain.xcdatamodel */,
			);
			currentVersion = 9E096CCD1E44517700F0F617 /* ChiTrain.xcdatamodel */;
			path = ChiTrain.xcdatamodeld;
			sourceTree = "<group>";
			versionGroupType = wrapper.xcdatamodel;
		};
/* End XCVersionGroup section */
	};
	rootObject = 9E096CBA1E44517600F0F617 /* Project object */;
}
